[{<<"erlang_k8s_cluster">>,
  {git,"https://github.com/myErlangProjects/erlang_k8s_cluster.git",
       {ref,"80cfa198dad1cdf88e8215e11627faa43b8aa6c7"}},
  0},
 {<<"erlzk">>,
  {git,"https://github.com/huaban/erlzk.git",
       {ref,"fe2b0909333413438246f4989ce5d8d3317c501c"}},
  0},
 {<<"hash_ring">>,
  {git,"https://github.com/sile/hash_ring.git",
       {ref,"4297097afff4069f5b353656aca5471fde059bc5"}},
  0},
 {<<"rebar">>,
  {git,"https://github.com/myErlangProjects/erlang_k8s_cluster.git",
       {ref,"80cfa198dad1cdf88e8215e11627faa43b8aa6c7"}},
  0}].
